// !$*UTF8*$!
{
	archiveVersion = 1;
	classes = {
	};
	objectVersion = 77;
	objects = {

/* Begin PBXBuildFile section */
		60A0C00E2D0B962B0043D03E /* ColorMark Extension.appex in Embed Foundation Extensions */ = {isa = PBXBuildFile; fileRef = 60A0C00D2D0B962B0043D03E /* ColorMark Extension.appex */; settings = {ATTRIBUTES = (RemoveHeadersOnCopy, ); }; };
		60A0C0182D0B962B0043D03E /* ColorMark Extension.appex in Embed Foundation Extensions */ = {isa = PBXBuildFile; fileRef = 60A0C0172D0B962B0043D03E /* ColorMark Extension.appex */; settings = {ATTRIBUTES = (RemoveHeadersOnCopy, ); }; };
/* End PBXBuildFile section */

/* Begin PBXContainerItemProxy section */
		60A0C00F2D0B962B0043D03E /* PBXContainerItemProxy */ = {
			isa = PBXContainerItemProxy;
			containerPortal = 60A0BFD32D0B96290043D03E /* Project object */;
			proxyType = 1;
			remoteGlobalIDString = 60A0C00C2D0B962B0043D03E;
			remoteInfo = "HighLighter Extension (iOS)";
		};
		60A0C0192D0B962B0043D03E /* PBXContainerItemProxy */ = {
			isa = PBXContainerItemProxy;
			containerPortal = 60A0BFD32D0B96290043D03E /* Project object */;
			proxyType = 1;
			remoteGlobalIDString = 60A0C0162D0B962B0043D03E;
			remoteInfo = "HighLighter Extension (macOS)";
		};
/* End PBXContainerItemProxy section */

/* Begin PBXCopyFilesBuildPhase section */
		60A0C0412D0B962B0043D03E /* Embed Foundation Extensions */ = {
			isa = PBXCopyFilesBuildPhase;
			buildActionMask = 2147483647;
			dstPath = "";
			dstSubfolderSpec = 13;
			files = (
				60A0C00E2D0B962B0043D03E /* ColorMark Extension.appex in Embed Foundation Extensions */,
			);
			name = "Embed Foundation Extensions";
			runOnlyForDeploymentPostprocessing = 0;
		};
		60A0C04B2D0B962B0043D03E /* Embed Foundation Extensions */ = {
			isa = PBXCopyFilesBuildPhase;
			buildActionMask = 2147483647;
			dstPath = "";
			dstSubfolderSpec = 13;
			files = (
				60A0C0182D0B962B0043D03E /* ColorMark Extension.appex in Embed Foundation Extensions */,
			);
			name = "Embed Foundation Extensions";
			runOnlyForDeploymentPostprocessing = 0;
		};
/* End PBXCopyFilesBuildPhase section */

/* Begin PBXFileReference section */
		60A0BFEF2D0B962B0043D03E /* ColorMark.app */ = {isa = PBXFileReference; explicitFileType = wrapper.application; includeInIndex = 0; path = ColorMark.app; sourceTree = BUILT_PRODUCTS_DIR; };
		60A0C0012D0B962B0043D03E /* ColorMark.app */ = {isa = PBXFileReference; explicitFileType = wrapper.application; includeInIndex = 0; path = ColorMark.app; sourceTree = BUILT_PRODUCTS_DIR; };
		60A0C00D2D0B962B0043D03E /* ColorMark Extension.appex */ = {isa = PBXFileReference; explicitFileType = "wrapper.app-extension"; includeInIndex = 0; path = "ColorMark Extension.appex"; sourceTree = BUILT_PRODUCTS_DIR; };
		60A0C0172D0B962B0043D03E /* ColorMark Extension.appex */ = {isa = PBXFileReference; explicitFileType = "wrapper.app-extension"; includeInIndex = 0; path = "ColorMark Extension.appex"; sourceTree = BUILT_PRODUCTS_DIR; };
		60A563C72D3B3F9D006A064B /* LICENSE */ = {isa = PBXFileReference; lastKnownFileType = text; path = LICENSE; sourceTree = "<group>"; };
		60A563C82D3B3F9D006A064B /* README.md */ = {isa = PBXFileReference; lastKnownFileType = net.daringfireball.markdown; path = README.md; sourceTree = "<group>"; };
/* End PBXFileReference section */

/* Begin PBXFileSystemSynchronizedBuildFileExceptionSet section */
		60A0C03C2D0B962B0043D03E /* Exceptions for "Shared (App)" folder in "ColorMark (iOS)" target */ = {
			isa = PBXFileSystemSynchronizedBuildFileExceptionSet;
			membershipExceptions = (
				"/Localized: Resources/Main.html",
				Assets.xcassets,
				InfoPlist.xcstrings,
				Resources/Icon.png,
				Resources/Script.js,
				Resources/Style.css,
				ViewController.swift,
			);
			target = 60A0BFEE2D0B962B0043D03E /* ColorMark (iOS) */;
		};
		60A0C0402D0B962B0043D03E /* Exceptions for "iOS (Extension)" folder in "ColorMark Extension (iOS)" target */ = {
			isa = PBXFileSystemSynchronizedBuildFileExceptionSet;
			membershipExceptions = (
				Info.plist,
			);
			target = 60A0C00C2D0B962B0043D03E /* ColorMark Extension (iOS) */;
		};
		60A0C0452D0B962B0043D03E /* Exceptions for "iOS (App)" folder in "ColorMark (iOS)" target */ = {
			isa = PBXFileSystemSynchronizedBuildFileExceptionSet;
			membershipExceptions = (
				Info.plist,
			);
			target = 60A0BFEE2D0B962B0043D03E /* ColorMark (iOS) */;
		};
		60A0C0462D0B962B0043D03E /* Exceptions for "Shared (App)" folder in "ColorMark (macOS)" target */ = {
			isa = PBXFileSystemSynchronizedBuildFileExceptionSet;
			membershipExceptions = (
				"/Localized: Resources/Main.html",
				Assets.xcassets,
				InfoPlist.xcstrings,
				Resources/Icon.png,
				Resources/Script.js,
				Resources/Style.css,
				ViewController.swift,
			);
			target = 60A0C0002D0B962B0043D03E /* ColorMark (macOS) */;
		};
		60A0C04A2D0B962B0043D03E /* Exceptions for "macOS (Extension)" folder in "ColorMark Extension (macOS)" target */ = {
			isa = PBXFileSystemSynchronizedBuildFileExceptionSet;
			membershipExceptions = (
				Info.plist,
			);
			target = 60A0C0162D0B962B0043D03E /* ColorMark Extension (macOS) */;
		};
		60A0C04F2D0B962B0043D03E /* Exceptions for "Shared (Extension)" folder in "ColorMark Extension (iOS)" target */ = {
			isa = PBXFileSystemSynchronizedBuildFileExceptionSet;
			membershipExceptions = (
				Resources/_locales,
				Resources/background.js,
				Resources/content.js,
				Resources/images,
				Resources/localization.js,
				Resources/manifest.json,
				Resources/popup.css,
				Resources/popup.html,
				Resources/popup.js,
				Resources/utils.js,
				SafariWebExtensionHandler.swift,
			);
			target = 60A0C00C2D0B962B0043D03E /* ColorMark Extension (iOS) */;
		};
		60A0C0502D0B962B0043D03E /* Exceptions for "Shared (Extension)" folder in "ColorMark Extension (macOS)" target */ = {
			isa = PBXFileSystemSynchronizedBuildFileExceptionSet;
			membershipExceptions = (
				Resources/_locales,
				Resources/background.js,
				Resources/content.js,
				Resources/images,
				Resources/localization.js,
				Resources/manifest.json,
				Resources/popup.css,
				Resources/popup.html,
				Resources/popup.js,
				Resources/utils.js,
				SafariWebExtensionHandler.swift,
			);
			target = 60A0C0162D0B962B0043D03E /* ColorMark Extension (macOS) */;
		};
/* End PBXFileSystemSynchronizedBuildFileExceptionSet section */

/* Begin PBXFileSystemSynchronizedRootGroup section */
		60A0BFD72D0B96290043D03E /* Shared (App) */ = {
			isa = PBXFileSystemSynchronizedRootGroup;
			exceptions = (
				60A0C03C2D0B962B0043D03E /* Exceptions for "Shared (App)" folder in "ColorMark (iOS)" target */,
				60A0C0462D0B962B0043D03E /* Exceptions for "Shared (App)" folder in "ColorMark (macOS)" target */,
			);
			path = "Shared (App)";
			sourceTree = "<group>";
		};
		60A0BFE02D0B962B0043D03E /* Shared (Extension) */ = {
			isa = PBXFileSystemSynchronizedRootGroup;
			exceptions = (
				60A0C04F2D0B962B0043D03E /* Exceptions for "Shared (Extension)" folder in "ColorMark Extension (iOS)" target */,
				60A0C0502D0B962B0043D03E /* Exceptions for "Shared (Extension)" folder in "ColorMark Extension (macOS)" target */,
			);
			explicitFolders = (
				Resources/_locales,
				Resources/images,
			);
			path = "Shared (Extension)";
			sourceTree = "<group>";
		};
		60A0BFF12D0B962B0043D03E /* iOS (App) */ = {
			isa = PBXFileSystemSynchronizedRootGroup;
			exceptions = (
				60A0C0452D0B962B0043D03E /* Exceptions for "iOS (App)" folder in "ColorMark (iOS)" target */,
			);
			path = "iOS (App)";
			sourceTree = "<group>";
		};
		60A0C0022D0B962B0043D03E /* macOS (App) */ = {
			isa = PBXFileSystemSynchronizedRootGroup;
			path = "macOS (App)";
			sourceTree = "<group>";
		};
		60A0C0112D0B962B0043D03E /* iOS (Extension) */ = {
			isa = PBXFileSystemSynchronizedRootGroup;
			exceptions = (
				60A0C0402D0B962B0043D03E /* Exceptions for "iOS (Extension)" folder in "ColorMark Extension (iOS)" target */,
			);
			path = "iOS (Extension)";
			sourceTree = "<group>";
		};
		60A0C01B2D0B962B0043D03E /* macOS (Extension) */ = {
			isa = PBXFileSystemSynchronizedRootGroup;
			exceptions = (
				60A0C04A2D0B962B0043D03E /* Exceptions for "macOS (Extension)" folder in "ColorMark Extension (macOS)" target */,
			);
			path = "macOS (Extension)";
			sourceTree = "<group>";
		};
/* End PBXFileSystemSynchronizedRootGroup section */

/* Begin PBXFrameworksBuildPhase section */
		60A0BFEC2D0B962B0043D03E /* Frameworks */ = {
			isa = PBXFrameworksBuildPhase;
			buildActionMask = 2147483647;
			files = (
			);
			runOnlyForDeploymentPostprocessing = 0;
		};
		60A0BFFE2D0B962B0043D03E /* Frameworks */ = {
			isa = PBXFrameworksBuildPhase;
			buildActionMask = 2147483647;
			files = (
			);
			runOnlyForDeploymentPostprocessing = 0;
		};
		60A0C00A2D0B962B0043D03E /* Frameworks */ = {
			isa = PBXFrameworksBuildPhase;
			buildActionMask = 2147483647;
			files = (
			);
			runOnlyForDeploymentPostprocessing = 0;
		};
		60A0C0142D0B962B0043D03E /* Frameworks */ = {
			isa = PBXFrameworksBuildPhase;
			buildActionMask = 2147483647;
			files = (
			);
			runOnlyForDeploymentPostprocessing = 0;
		};
/* End PBXFrameworksBuildPhase section */

/* Begin PBXGroup section */
		60A0BFD22D0B96290043D03E = {
			isa = PBXGroup;
			children = (
				60A563C72D3B3F9D006A064B /* LICENSE */,
				60A563C82D3B3F9D006A064B /* README.md */,
				60A0BFD72D0B96290043D03E /* Shared (App) */,
				60A0BFE02D0B962B0043D03E /* Shared (Extension) */,
				60A0BFF12D0B962B0043D03E /* iOS (App) */,
				60A0C0022D0B962B0043D03E /* macOS (App) */,
				60A0C0112D0B962B0043D03E /* iOS (Extension) */,
				60A0C01B2D0B962B0043D03E /* macOS (Extension) */,
				60A0BFF02D0B962B0043D03E /* Products */,
			);
			sourceTree = "<group>";
		};
		60A0BFF02D0B962B0043D03E /* Products */ = {
			isa = PBXGroup;
			children = (
				60A0BFEF2D0B962B0043D03E /* ColorMark.app */,
				60A0C0012D0B962B0043D03E /* ColorMark.app */,
				60A0C00D2D0B962B0043D03E /* ColorMark Extension.appex */,
				60A0C0172D0B962B0043D03E /* ColorMark Extension.appex */,
			);
			name = Products;
			sourceTree = "<group>";
		};
/* End PBXGroup section */

/* Begin PBXNativeTarget section */
		60A0BFEE2D0B962B0043D03E /* ColorMark (iOS) */ = {
			isa = PBXNativeTarget;
			buildConfigurationList = 60A0C0422D0B962B0043D03E /* Build configuration list for PBXNativeTarget "ColorMark (iOS)" */;
			buildPhases = (
				60A0BFEB2D0B962B0043D03E /* Sources */,
				60A0BFEC2D0B962B0043D03E /* Frameworks */,
				60A0BFED2D0B962B0043D03E /* Resources */,
				60A0C0412D0B962B0043D03E /* Embed Foundation Extensions */,
			);
			buildRules = (
			);
			dependencies = (
				60A0C0102D0B962B0043D03E /* PBXTargetDependency */,
			);
			fileSystemSynchronizedGroups = (
				60A0BFF12D0B962B0043D03E /* iOS (App) */,
			);
			name = "ColorMark (iOS)";
			packageProductDependencies = (
			);
			productName = "HighLighter (iOS)";
			productReference = 60A0BFEF2D0B962B0043D03E /* ColorMark.app */;
			productType = "com.apple.product-type.application";
		};
		60A0C0002D0B962B0043D03E /* ColorMark (macOS) */ = {
			isa = PBXNativeTarget;
			buildConfigurationList = 60A0C04C2D0B962B0043D03E /* Build configuration list for PBXNativeTarget "ColorMark (macOS)" */;
			buildPhases = (
				60A0BFFD2D0B962B0043D03E /* Sources */,
				60A0BFFE2D0B962B0043D03E /* Frameworks */,
				60A0BFFF2D0B962B0043D03E /* Resources */,
				60A0C04B2D0B962B0043D03E /* Embed Foundation Extensions */,
			);
			buildRules = (
			);
			dependencies = (
				60A0C01A2D0B962B0043D03E /* PBXTargetDependency */,
			);
			fileSystemSynchronizedGroups = (
				60A0C0022D0B962B0043D03E /* macOS (App) */,
			);
			name = "ColorMark (macOS)";
			packageProductDependencies = (
			);
			productName = "HighLighter (macOS)";
			productReference = 60A0C0012D0B962B0043D03E /* ColorMark.app */;
			productType = "com.apple.product-type.application";
		};
		60A0C00C2D0B962B0043D03E /* ColorMark Extension (iOS) */ = {
			isa = PBXNativeTarget;
			buildConfigurationList = 60A0C03D2D0B962B0043D03E /* Build configuration list for PBXNativeTarget "ColorMark Extension (iOS)" */;
			buildPhases = (
				60A0C0092D0B962B0043D03E /* Sources */,
				60A0C00A2D0B962B0043D03E /* Frameworks */,
				60A0C00B2D0B962B0043D03E /* Resources */,
			);
			buildRules = (
			);
			dependencies = (
			);
			fileSystemSynchronizedGroups = (
				60A0C0112D0B962B0043D03E /* iOS (Extension) */,
			);
			name = "ColorMark Extension (iOS)";
			packageProductDependencies = (
			);
			productName = "HighLighter Extension (iOS)";
			productReference = 60A0C00D2D0B962B0043D03E /* ColorMark Extension.appex */;
			productType = "com.apple.product-type.app-extension";
		};
		60A0C0162D0B962B0043D03E /* ColorMark Extension (macOS) */ = {
			isa = PBXNativeTarget;
			buildConfigurationList = 60A0C0472D0B962B0043D03E /* Build configuration list for PBXNativeTarget "ColorMark Extension (macOS)" */;
			buildPhases = (
				60A0C0132D0B962B0043D03E /* Sources */,
				60A0C0142D0B962B0043D03E /* Frameworks */,
				60A0C0152D0B962B0043D03E /* Resources */,
			);
			buildRules = (
			);
			dependencies = (
			);
			fileSystemSynchronizedGroups = (
				60A0C01B2D0B962B0043D03E /* macOS (Extension) */,
			);
			name = "ColorMark Extension (macOS)";
			packageProductDependencies = (
			);
			productName = "HighLighter Extension (macOS)";
			productReference = 60A0C0172D0B962B0043D03E /* ColorMark Extension.appex */;
			productType = "com.apple.product-type.app-extension";
		};
/* End PBXNativeTarget section */

/* Begin PBXProject section */
		60A0BFD32D0B96290043D03E /* Project object */ = {
			isa = PBXProject;
			attributes = {
				BuildIndependentTargetsInParallel = 1;
				LastSwiftUpdateCheck = 1620;
				LastUpgradeCheck = 1620;
				TargetAttributes = {
					60A0BFEE2D0B962B0043D03E = {
						CreatedOnToolsVersion = 16.2;
					};
					60A0C0002D0B962B0043D03E = {
						CreatedOnToolsVersion = 16.2;
					};
					60A0C00C2D0B962B0043D03E = {
						CreatedOnToolsVersion = 16.2;
					};
					60A0C0162D0B962B0043D03E = {
						CreatedOnToolsVersion = 16.2;
					};
				};
			};
			buildConfigurationList = 60A0BFD62D0B96290043D03E /* Build configuration list for PBXProject "ColorMark" */;
			developmentRegion = en;
			hasScannedForEncodings = 0;
			knownRegions = (
				en,
				Base,
			);
			mainGroup = 60A0BFD22D0B96290043D03E;
			minimizedProjectReferenceProxies = 1;
			preferredProjectObjectVersion = 77;
			productRefGroup = 60A0BFF02D0B962B0043D03E /* Products */;
			projectDirPath = "";
			projectRoot = "";
			targets = (
				60A0BFEE2D0B962B0043D03E /* ColorMark (iOS) */,
				60A0C0002D0B962B0043D03E /* ColorMark (macOS) */,
				60A0C00C2D0B962B0043D03E /* ColorMark Extension (iOS) */,
				60A0C0162D0B962B0043D03E /* ColorMark Extension (macOS) */,
			);
		};
/* End PBXProject section */

/* Begin PBXResourcesBuildPhase section */
		60A0BFED2D0B962B0043D03E /* Resources */ = {
			isa = PBXResourcesBuildPhase;
			buildActionMask = 2147483647;
			files = (
			);
			runOnlyForDeploymentPostprocessing = 0;
		};
		60A0BFFF2D0B962B0043D03E /* Resources */ = {
			isa = PBXResourcesBuildPhase;
			buildActionMask = 2147483647;
			files = (
			);
			runOnlyForDeploymentPostprocessing = 0;
		};
		60A0C00B2D0B962B0043D03E /* Resources */ = {
			isa = PBXResourcesBuildPhase;
			buildActionMask = 2147483647;
			files = (
			);
			runOnlyForDeploymentPostprocessing = 0;
		};
		60A0C0152D0B962B0043D03E /* Resources */ = {
			isa = PBXResourcesBuildPhase;
			buildActionMask = 2147483647;
			files = (
			);
			runOnlyForDeploymentPostprocessing = 0;
		};
/* End PBXResourcesBuildPhase section */

/* Begin PBXSourcesBuildPhase section */
		60A0BFEB2D0B962B0043D03E /* Sources */ = {
			isa = PBXSourcesBuildPhase;
			buildActionMask = 2147483647;
			files = (
			);
			runOnlyForDeploymentPostprocessing = 0;
		};
		60A0BFFD2D0B962B0043D03E /* Sources */ = {
			isa = PBXSourcesBuildPhase;
			buildActionMask = 2147483647;
			files = (
			);
			runOnlyForDeploymentPostprocessing = 0;
		};
		60A0C0092D0B962B0043D03E /* Sources */ = {
			isa = PBXSourcesBuildPhase;
			buildActionMask = 2147483647;
			files = (
			);
			runOnlyForDeploymentPostprocessing = 0;
		};
		60A0C0132D0B962B0043D03E /* Sources */ = {
			isa = PBXSourcesBuildPhase;
			buildActionMask = 2147483647;
			files = (
			);
			runOnlyForDeploymentPostprocessing = 0;
		};
/* End PBXSourcesBuildPhase section */

/* Begin PBXTargetDependency section */
		60A0C0102D0B962B0043D03E /* PBXTargetDependency */ = {
			isa = PBXTargetDependency;
			target = 60A0C00C2D0B962B0043D03E /* ColorMark Extension (iOS) */;
			targetProxy = 60A0C00F2D0B962B0043D03E /* PBXContainerItemProxy */;
		};
		60A0C01A2D0B962B0043D03E /* PBXTargetDependency */ = {
			isa = PBXTargetDependency;
			target = 60A0C0162D0B962B0043D03E /* ColorMark Extension (macOS) */;
			targetProxy = 60A0C0192D0B962B0043D03E /* PBXContainerItemProxy */;
		};
/* End PBXTargetDependency section */

/* Begin XCBuildConfiguration section */
		60A0C03E2D0B962B0043D03E /* Debug */ = {
			isa = XCBuildConfiguration;
			buildSettings = {
				CODE_SIGN_STYLE = Automatic;
				CURRENT_PROJECT_VERSION = 1;
				DEVELOPMENT_TEAM = R3F5JGKA7W;
				GENERATE_INFOPLIST_FILE = YES;
				INFOPLIST_FILE = "iOS (Extension)/Info.plist";
				INFOPLIST_KEY_CFBundleDisplayName = "ColorMark Extension";
				INFOPLIST_KEY_NSHumanReadableCopyright = "";
				IPHONEOS_DEPLOYMENT_TARGET = 16.6;
				LD_RUNPATH_SEARCH_PATHS = (
					"$(inherited)",
					"@executable_path/Frameworks",
					"@executable_path/../../Frameworks",
				);
				MARKETING_VERSION = 1.0;
				OTHER_LDFLAGS = (
					"-framework",
					SafariServices,
				);
				PRODUCT_BUNDLE_IDENTIFIER = com.hkitago.ColorMark.Extension;
				PRODUCT_NAME = "ColorMark Extension";
				SDKROOT = iphoneos;
				SKIP_INSTALL = YES;
				SWIFT_EMIT_LOC_STRINGS = YES;
				SWIFT_VERSION = 5.0;
				TARGETED_DEVICE_FAMILY = "1,2";
			};
			name = Debug;
		};
		60A0C03F2D0B962B0043D03E /* Release */ = {
			isa = XCBuildConfiguration;
			buildSettings = {
				CODE_SIGN_STYLE = Automatic;
				CURRENT_PROJECT_VERSION = 1;
				DEVELOPMENT_TEAM = R3F5JGKA7W;
				GENERATE_INFOPLIST_FILE = YES;
				INFOPLIST_FILE = "iOS (Extension)/Info.plist";
				INFOPLIST_KEY_CFBundleDisplayName = "ColorMark Extension";
				INFOPLIST_KEY_NSHumanReadableCopyright = "";
				IPHONEOS_DEPLOYMENT_TARGET = 16.6;
				LD_RUNPATH_SEARCH_PATHS = (
					"$(inherited)",
					"@executable_path/Frameworks",
					"@executable_path/../../Frameworks",
				);
				MARKETING_VERSION = 1.0;
				OTHER_LDFLAGS = (
					"-framework",
					SafariServices,
				);
				PRODUCT_BUNDLE_IDENTIFIER = com.hkitago.ColorMark.Extension;
				PRODUCT_NAME = "ColorMark Extension";
				SDKROOT = iphoneos;
				SKIP_INSTALL = YES;
				SWIFT_EMIT_LOC_STRINGS = YES;
				SWIFT_VERSION = 5.0;
				TARGETED_DEVICE_FAMILY = "1,2";
				VALIDATE_PRODUCT = YES;
			};
			name = Release;
		};
		60A0C0432D0B962B0043D03E /* Debug */ = {
			isa = XCBuildConfiguration;
			buildSettings = {
				ASSETCATALOG_COMPILER_APPICON_NAME = AppIcon;
				ASSETCATALOG_COMPILER_GLOBAL_ACCENT_COLOR_NAME = AccentColor;
				CODE_SIGN_STYLE = Automatic;
				CURRENT_PROJECT_VERSION = 1;
				DEVELOPMENT_TEAM = R3F5JGKA7W;
				GENERATE_INFOPLIST_FILE = YES;
				INFOPLIST_FILE = "iOS (App)/Info.plist";
				INFOPLIST_KEY_CFBundleDisplayName = ColorMark;
				INFOPLIST_KEY_LSApplicationCategoryType = "public.app-category.utilities";
				INFOPLIST_KEY_UIApplicationSupportsIndirectInputEvents = YES;
				INFOPLIST_KEY_UILaunchStoryboardName = LaunchScreen;
				INFOPLIST_KEY_UIMainStoryboardFile = Main;
				INFOPLIST_KEY_UISupportedInterfaceOrientations = "UIInterfaceOrientationPortrait UIInterfaceOrientationLandscapeLeft UIInterfaceOrientationLandscapeRight";
				INFOPLIST_KEY_UISupportedInterfaceOrientations_iPad = "UIInterfaceOrientationPortrait UIInterfaceOrientationPortraitUpsideDown UIInterfaceOrientationLandscapeLeft UIInterfaceOrientationLandscapeRight";
				IPHONEOS_DEPLOYMENT_TARGET = 16.6;
				LD_RUNPATH_SEARCH_PATHS = (
					"$(inherited)",
					"@executable_path/Frameworks",
				);
				MARKETING_VERSION = 1.0;
				OTHER_LDFLAGS = (
					"-framework",
					SafariServices,
					"-framework",
					WebKit,
				);
				PRODUCT_BUNDLE_IDENTIFIER = com.hkitago.ColorMark;
				PRODUCT_NAME = ColorMark;
				SDKROOT = iphoneos;
				SWIFT_EMIT_LOC_STRINGS = YES;
				SWIFT_VERSION = 5.0;
				TARGETED_DEVICE_FAMILY = "1,2";
			};
			name = Debug;
		};
		60A0C0442D0B962B0043D03E /* Release */ = {
			isa = XCBuildConfiguration;
			buildSettings = {
				ASSETCATALOG_COMPILER_APPICON_NAME = AppIcon;
				ASSETCATALOG_COMPILER_GLOBAL_ACCENT_COLOR_NAME = AccentColor;
				CODE_SIGN_STYLE = Automatic;
				CURRENT_PROJECT_VERSION = 1;
				DEVELOPMENT_TEAM = R3F5JGKA7W;
				GENERATE_INFOPLIST_FILE = YES;
				INFOPLIST_FILE = "iOS (App)/Info.plist";
				INFOPLIST_KEY_CFBundleDisplayName = ColorMark;
				INFOPLIST_KEY_LSApplicationCategoryType = "public.app-category.utilities";
				INFOPLIST_KEY_UIApplicationSupportsIndirectInputEvents = YES;
				INFOPLIST_KEY_UILaunchStoryboardName = LaunchScreen;
				INFOPLIST_KEY_UIMainStoryboardFile = Main;
				INFOPLIST_KEY_UISupportedInterfaceOrientations = "UIInterfaceOrientationPortrait UIInterfaceOrientationLandscapeLeft UIInterfaceOrientationLandscapeRight";
				INFOPLIST_KEY_UISupportedInterfaceOrientations_iPad = "UIInterfaceOrientationPortrait UIInterfaceOrientationPortraitUpsideDown UIInterfaceOrientationLandscapeLeft UIInterfaceOrientationLandscapeRight";
				IPHONEOS_DEPLOYMENT_TARGET = 16.6;
				LD_RUNPATH_SEARCH_PATHS = (
					"$(inherited)",
					"@executable_path/Frameworks",
				);
				MARKETING_VERSION = 1.0;
				OTHER_LDFLAGS = (
					"-framework",
					SafariServices,
					"-framework",
					WebKit,
				);
				PRODUCT_BUNDLE_IDENTIFIER = com.hkitago.ColorMark;
				PRODUCT_NAME = ColorMark;
				SDKROOT = iphoneos;
				SWIFT_EMIT_LOC_STRINGS = YES;
				SWIFT_VERSION = 5.0;
				TARGETED_DEVICE_FAMILY = "1,2";
				VALIDATE_PRODUCT = YES;
			};
			name = Release;
		};
		60A0C0482D0B962B0043D03E /* Debug */ = {
			isa = XCBuildConfiguration;
			buildSettings = {
				CODE_SIGN_ENTITLEMENTS = "macOS (Extension)/ColorMark.entitlements";
				CODE_SIGN_STYLE = Automatic;
				CURRENT_PROJECT_VERSION = 3;
				DEVELOPMENT_TEAM = R3F5JGKA7W;
				ENABLE_HARDENED_RUNTIME = YES;
				GENERATE_INFOPLIST_FILE = YES;
				INFOPLIST_FILE = "macOS (Extension)/Info.plist";
				INFOPLIST_KEY_CFBundleDisplayName = "ColorMark Extension";
				INFOPLIST_KEY_NSHumanReadableCopyright = "";
				LD_RUNPATH_SEARCH_PATHS = (
					"$(inherited)",
					"@executable_path/../Frameworks",
					"@executable_path/../../../../Frameworks",
				);
				MACOSX_DEPLOYMENT_TARGET = 11.5;
				MARKETING_VERSION = 1.1;
				OTHER_LDFLAGS = (
					"-framework",
					SafariServices,
				);
				PRODUCT_BUNDLE_IDENTIFIER = com.hkitago.ColorMark.Extension;
				PRODUCT_NAME = "ColorMark Extension";
				SDKROOT = macosx;
				SKIP_INSTALL = YES;
				SWIFT_EMIT_LOC_STRINGS = YES;
				SWIFT_VERSION = 5.0;
			};
			name = Debug;
		};
		60A0C0492D0B962B0043D03E /* Release */ = {
			isa = XCBuildConfiguration;
			buildSettings = {
				CODE_SIGN_ENTITLEMENTS = "macOS (Extension)/ColorMark.entitlements";
				CODE_SIGN_STYLE = Automatic;
				CURRENT_PROJECT_VERSION = 3;
				DEVELOPMENT_TEAM = R3F5JGKA7W;
				ENABLE_HARDENED_RUNTIME = YES;
				GENERATE_INFOPLIST_FILE = YES;
				INFOPLIST_FILE = "macOS (Extension)/Info.plist";
				INFOPLIST_KEY_CFBundleDisplayName = "ColorMark Extension";
				INFOPLIST_KEY_NSHumanReadableCopyright = "";
				LD_RUNPATH_SEARCH_PATHS = (
					"$(inherited)",
					"@executable_path/../Frameworks",
					"@executable_path/../../../../Frameworks",
				);
				MACOSX_DEPLOYMENT_TARGET = 11.5;
				MARKETING_VERSION = 1.1;
				OTHER_LDFLAGS = (
					"-framework",
					SafariServices,
				);
				PRODUCT_BUNDLE_IDENTIFIER = com.hkitago.ColorMark.Extension;
				PRODUCT_NAME = "ColorMark Extension";
				SDKROOT = macosx;
				SKIP_INSTALL = YES;
				SWIFT_EMIT_LOC_STRINGS = YES;
				SWIFT_VERSION = 5.0;
			};
			name = Release;
		};
		60A0C04D2D0B962B0043D03E /* Debug */ = {
			isa = XCBuildConfiguration;
			buildSettings = {
				ASSETCATALOG_COMPILER_APPICON_NAME = AppIcon;
				ASSETCATALOG_COMPILER_GLOBAL_ACCENT_COLOR_NAME = AccentColor;
				CODE_SIGN_ENTITLEMENTS = "macOS (App)/ColorMark.entitlements";
				CODE_SIGN_STYLE = Automatic;
				CURRENT_PROJECT_VERSION = 3;
				DEVELOPMENT_TEAM = R3F5JGKA7W;
				ENABLE_HARDENED_RUNTIME = YES;
				GENERATE_INFOPLIST_FILE = YES;
				INFOPLIST_KEY_CFBundleDisplayName = ColorMark;
				INFOPLIST_KEY_LSApplicationCategoryType = "public.app-category.utilities";
				INFOPLIST_KEY_NSMainStoryboardFile = Main;
				INFOPLIST_KEY_NSPrincipalClass = NSApplication;
				LD_RUNPATH_SEARCH_PATHS = (
					"$(inherited)",
					"@executable_path/../Frameworks",
				);
				MACOSX_DEPLOYMENT_TARGET = 11.5;
				MARKETING_VERSION = 1.1;
				OTHER_LDFLAGS = (
					"-framework",
					SafariServices,
					"-framework",
					WebKit,
				);
				PRODUCT_BUNDLE_IDENTIFIER = com.hkitago.ColorMark;
				PRODUCT_NAME = ColorMark;
				SDKROOT = macosx;
				SWIFT_EMIT_LOC_STRINGS = YES;
				SWIFT_VERSION = 5.0;
			};
			name = Debug;
		};
		60A0C04E2D0B962B0043D03E /* Release */ = {
			isa = XCBuildConfiguration;
			buildSettings = {
				ASSETCATALOG_COMPILER_APPICON_NAME = AppIcon;
				ASSETCATALOG_COMPILER_GLOBAL_ACCENT_COLOR_NAME = AccentColor;
				CODE_SIGN_ENTITLEMENTS = "macOS (App)/ColorMark.entitlements";
				CODE_SIGN_STYLE = Automatic;
				CURRENT_PROJECT_VERSION = 3;
				DEVELOPMENT_TEAM = R3F5JGKA7W;
				ENABLE_HARDENED_RUNTIME = YES;
				GENERATE_INFOPLIST_FILE = YES;
				INFOPLIST_KEY_CFBundleDisplayName = ColorMark;
				INFOPLIST_KEY_LSApplicationCategoryType = "public.app-category.utilities";
				INFOPLIST_KEY_NSMainStoryboardFile = Main;
				INFOPLIST_KEY_NSPrincipalClass = NSApplication;
				LD_RUNPATH_SEARCH_PATHS = (
					"$(inherited)",
					"@executable_path/../Frameworks",
				);
				MACOSX_DEPLOYMENT_TARGET = 11.5;
				MARKETING_VERSION = 1.1;
				OTHER_LDFLAGS = (
					"-framework",
					SafariServices,
					"-framework",
					WebKit,
				);
				PRODUCT_BUNDLE_IDENTIFIER = com.hkitago.ColorMark;
				PRODUCT_NAME = ColorMark;
				SDKROOT = macosx;
				SWIFT_EMIT_LOC_STRINGS = YES;
				SWIFT_VERSION = 5.0;
			};
			name = Release;
		};
		60A0C0512D0B962B0043D03E /* Debug */ = {
			isa = XCBuildConfiguration;
			buildSettings = {
				ALWAYS_SEARCH_USER_PATHS = NO;
				ASSETCATALOG_COMPILER_GENERATE_SWIFT_ASSET_SYMBOL_EXTENSIONS = YES;
				CLANG_ANALYZER_NONNULL = YES;
				CLANG_ANALYZER_NUMBER_OBJECT_CONVERSION = YES_AGGRESSIVE;
				CLANG_CXX_LANGUAGE_STANDARD = "gnu++20";
				CLANG_ENABLE_MODULES = YES;
				CLANG_ENABLE_OBJC_ARC = YES;
				CLANG_ENABLE_OBJC_WEAK = YES;
				CLANG_WARN_BLOCK_CAPTURE_AUTORELEASING = YES;
				CLANG_WARN_BOOL_CONVERSION = YES;
				CLANG_WARN_COMMA = YES;
				CLANG_WARN_CONSTANT_CONVERSION = YES;
				CLANG_WARN_DEPRECATED_OBJC_IMPLEMENTATIONS = YES;
				CLANG_WARN_DIRECT_OBJC_ISA_USAGE = YES_ERROR;
				CLANG_WARN_DOCUMENTATION_COMMENTS = YES;
				CLANG_WARN_EMPTY_BODY = YES;
				CLANG_WARN_ENUM_CONVERSION = YES;
				CLANG_WARN_INFINITE_RECURSION = YES;
				CLANG_WARN_INT_CONVERSION = YES;
				CLANG_WARN_NON_LITERAL_NULL_CONVERSION = YES;
				CLANG_WARN_OBJC_IMPLICIT_RETAIN_SELF = YES;
				CLANG_WARN_OBJC_LITERAL_CONVERSION = YES;
				CLANG_WARN_OBJC_ROOT_CLASS = YES_ERROR;
				CLANG_WARN_QUOTED_INCLUDE_IN_FRAMEWORK_HEADER = YES;
				CLANG_WARN_RANGE_LOOP_ANALYSIS = YES;
				CLANG_WARN_STRICT_PROTOTYPES = YES;
				CLANG_WARN_SUSPICIOUS_MOVE = YES;
				CLANG_WARN_UNGUARDED_AVAILABILITY = YES_AGGRESSIVE;
				CLANG_WARN_UNREACHABLE_CODE = YES;
				CLANG_WARN__DUPLICATE_METHOD_MATCH = YES;
				COPY_PHASE_STRIP = NO;
				DEBUG_INFORMATION_FORMAT = dwarf;
				ENABLE_STRICT_OBJC_MSGSEND = YES;
				ENABLE_TESTABILITY = YES;
				ENABLE_USER_SCRIPT_SANDBOXING = YES;
				GCC_C_LANGUAGE_STANDARD = gnu17;
				GCC_DYNAMIC_NO_PIC = NO;
				GCC_NO_COMMON_BLOCKS = YES;
				GCC_OPTIMIZATION_LEVEL = 0;
				GCC_PREPROCESSOR_DEFINITIONS = (
					"DEBUG=1",
					"$(inherited)",
				);
				GCC_WARN_64_TO_32_BIT_CONVERSION = YES;
				GCC_WARN_ABOUT_RETURN_TYPE = YES_ERROR;
				GCC_WARN_UNDECLARED_SELECTOR = YES;
				GCC_WARN_UNINITIALIZED_AUTOS = YES_AGGRESSIVE;
				GCC_WARN_UNUSED_FUNCTION = YES;
				GCC_WARN_UNUSED_VARIABLE = YES;
				LOCALIZATION_PREFERS_STRING_CATALOGS = YES;
				MTL_ENABLE_DEBUG_INFO = INCLUDE_SOURCE;
				MTL_FAST_MATH = YES;
				ONLY_ACTIVE_ARCH = YES;
				SWIFT_ACTIVE_COMPILATION_CONDITIONS = "DEBUG $(inherited)";
				SWIFT_EMIT_LOC_STRINGS = YES;
				SWIFT_OPTIMIZATION_LEVEL = "-Onone";
			};
			name = Debug;
		};
		60A0C0522D0B962B0043D03E /* Release */ = {
			isa = XCBuildConfiguration;
			buildSettings = {
				ALWAYS_SEARCH_USER_PATHS = NO;
				ASSETCATALOG_COMPILER_GENERATE_SWIFT_ASSET_SYMBOL_EXTENSIONS = YES;
				CLANG_ANALYZER_NONNULL = YES;
				CLANG_ANALYZER_NUMBER_OBJECT_CONVERSION = YES_AGGRESSIVE;
				CLANG_CXX_LANGUAGE_STANDARD = "gnu++20";
				CLANG_ENABLE_MODULES = YES;
				CLANG_ENABLE_OBJC_ARC = YES;
				CLANG_ENABLE_OBJC_WEAK = YES;
				CLANG_WARN_BLOCK_CAPTURE_AUTORELEASING = YES;
				CLANG_WARN_BOOL_CONVERSION = YES;
				CLANG_WARN_COMMA = YES;
				CLANG_WARN_CONSTANT_CONVERSION = YES;
				CLANG_WARN_DEPRECATED_OBJC_IMPLEMENTATIONS = YES;
				CLANG_WARN_DIRECT_OBJC_ISA_USAGE = YES_ERROR;
				CLANG_WARN_DOCUMENTATION_COMMENTS = YES;
				CLANG_WARN_EMPTY_BODY = YES;
				CLANG_WARN_ENUM_CONVERSION = YES;
				CLANG_WARN_INFINITE_RECURSION = YES;
				CLANG_WARN_INT_CONVERSION = YES;
				CLANG_WARN_NON_LITERAL_NULL_CONVERSION = YES;
				CLANG_WARN_OBJC_IMPLICIT_RETAIN_SELF = YES;
				CLANG_WARN_OBJC_LITERAL_CONVERSION = YES;
				CLANG_WARN_OBJC_ROOT_CLASS = YES_ERROR;
				CLANG_WARN_QUOTED_INCLUDE_IN_FRAMEWORK_HEADER = YES;
				CLANG_WARN_RANGE_LOOP_ANALYSIS = YES;
				CLANG_WARN_STRICT_PROTOTYPES = YES;
				CLANG_WARN_SUSPICIOUS_MOVE = YES;
				CLANG_WARN_UNGUARDED_AVAILABILITY = YES_AGGRESSIVE;
				CLANG_WARN_UNREACHABLE_CODE = YES;
				CLANG_WARN__DUPLICATE_METHOD_MATCH = YES;
				COPY_PHASE_STRIP = NO;
				DEBUG_INFORMATION_FORMAT = "dwarf-with-dsym";
				ENABLE_NS_ASSERTIONS = NO;
				ENABLE_STRICT_OBJC_MSGSEND = YES;
				ENABLE_USER_SCRIPT_SANDBOXING = YES;
				GCC_C_LANGUAGE_STANDARD = gnu17;
				GCC_NO_COMMON_BLOCKS = YES;
				GCC_WARN_64_TO_32_BIT_CONVERSION = YES;
				GCC_WARN_ABOUT_RETURN_TYPE = YES_ERROR;
				GCC_WARN_UNDECLARED_SELECTOR = YES;
				GCC_WARN_UNINITIALIZED_AUTOS = YES_AGGRESSIVE;
				GCC_WARN_UNUSED_FUNCTION = YES;
				GCC_WARN_UNUSED_VARIABLE = YES;
				LOCALIZATION_PREFERS_STRING_CATALOGS = YES;
				MTL_ENABLE_DEBUG_INFO = NO;
				MTL_FAST_MATH = YES;
				SWIFT_COMPILATION_MODE = wholemodule;
				SWIFT_EMIT_LOC_STRINGS = YES;
			};
			name = Release;
		};
/* End XCBuildConfiguration section */

/* Begin XCConfigurationList section */
		60A0BFD62D0B96290043D03E /* Build configuration list for PBXProject "ColorMark" */ = {
			isa = XCConfigurationList;
			buildConfigurations = (
				60A0C0512D0B962B0043D03E /* Debug */,
				60A0C0522D0B962B0043D03E /* Release */,
			);
			defaultConfigurationIsVisible = 0;
			defaultConfigurationName = Release;
		};
		60A0C03D2D0B962B0043D03E /* Build configuration list for PBXNativeTarget "ColorMark Extension (iOS)" */ = {
			isa = XCConfigurationList;
			buildConfigurations = (
				60A0C03E2D0B962B0043D03E /* Debug */,
				60A0C03F2D0B962B0043D03E /* Release */,
			);
			defaultConfigurationIsVisible = 0;
			defaultConfigurationName = Release;
		};
		60A0C0422D0B962B0043D03E /* Build configuration list for PBXNativeTarget "ColorMark (iOS)" */ = {
			isa = XCConfigurationList;
			buildConfigurations = (
				60A0C0432D0B962B0043D03E /* Debug */,
				60A0C0442D0B962B0043D03E /* Release */,
			);
			defaultConfigurationIsVisible = 0;
			defaultConfigurationName = Release;
		};
		60A0C0472D0B962B0043D03E /* Build configuration list for PBXNativeTarget "ColorMark Extension (macOS)" */ = {
			isa = XCConfigurationList;
			buildConfigurations = (
				60A0C0482D0B962B0043D03E /* Debug */,
				60A0C0492D0B962B0043D03E /* Release */,
			);
			defaultConfigurationIsVisible = 0;
			defaultConfigurationName = Release;
		};
		60A0C04C2D0B962B0043D03E /* Build configuration list for PBXNativeTarget "ColorMark (macOS)" */ = {
			isa = XCConfigurationList;
			buildConfigurations = (
				60A0C04D2D0B962B0043D03E /* Debug */,
				60A0C04E2D0B962B0043D03E /* Release */,
			);
			defaultConfigurationIsVisible = 0;
			defaultConfigurationName = Release;
		};
/* End XCConfigurationList section */
	};
	rootObject = 60A0BFD32D0B96290043D03E /* Project object */;
}
